
Microsoft Visual Studio Solution File, Format Version 12.00
# Visual Studio Version 17
VisualStudioVersion = 17.14.36429.23 d17.14
MinimumVisualStudioVersion = 10.0.40219.1
Project("{FAE04EC0-301F-11D3-BF4B-00C04F79EFBC}") = "WpfApp3", "WpfApp3\WpfApp3.csproj", "{A98839BC-FA12-4B32-8EAD-2E7034D28C6D}"
EndProject
Project("{FAE04EC0-301F-11D3-BF4B-00C04F79EFBC}") = "BLL", "BLL\BLL.csproj", "{B1A9D7F2-C2DF-456A-979E-B79AF7453272}"
EndProject
Project("{FAE04EC0-301F-11D3-BF4B-00C04F79EFBC}") = "DLL", "DLL\DLL.csproj", "{8D942D67-AA9F-4EE5-9F92-10740117DB6D}"
EndProject
Global
	GlobalSection(SolutionConfigurationPlatforms) = preSolution
		Debug|Any CPU = Debug|Any CPU
		Release|Any CPU = Release|Any CPU
	EndGlobalSection
	GlobalSection(ProjectConfigurationPlatforms) = postSolution
		{A98839BC-FA12-4B32-8EAD-2E7034D28C6D}.Debug|Any CPU.ActiveCfg = Debug|Any CPU
		{A98839BC-FA12-4B32-8EAD-2E7034D28C6D}.Debug|Any CPU.Build.0 = Debug|Any CPU
		{A98839BC-FA12-4B32-8EAD-2E7034D28C6D}.Release|Any CPU.ActiveCfg = Release|Any CPU
		{A98839BC-FA12-4B32-8EAD-2E7034D28C6D}.Release|Any CPU.Build.0 = Release|Any CPU
		{B1A9D7F2-C2DF-456A-979E-B79AF7453272}.Debug|Any CPU.ActiveCfg = Debug|Any CPU
		{B1A9D7F2-C2DF-456A-979E-B79AF7453272}.Debug|Any CPU.Build.0 = Debug|Any CPU
		{B1A9D7F2-C2DF-456A-979E-B79AF7453272}.Release|Any CPU.ActiveCfg = Release|Any CPU
		{B1A9D7F2-C2DF-456A-979E-B79AF7453272}.Release|Any CPU.Build.0 = Release|Any CPU
		{8D942D67-AA9F-4EE5-9F92-10740117DB6D}.Debug|Any CPU.ActiveCfg = Debug|Any CPU
		{8D942D67-AA9F-4EE5-9F92-10740117DB6D}.Debug|Any CPU.Build.0 = Debug|Any CPU
		{8D942D67-AA9F-4EE5-9F92-10740117DB6D}.Release|Any CPU.ActiveCfg = Release|Any CPU
		{8D942D67-AA9F-4EE5-9F92-10740117DB6D}.Release|Any CPU.Build.0 = Release|Any CPU
	EndGlobalSection
	GlobalSection(SolutionProperties) = preSolution
		HideSolutionNode = FALSE
	EndGlobalSection
	GlobalSection(ExtensibilityGlobals) = postSolution
		SolutionGuid = {468EF4A8-104E-4C14-9FF3-B74F80E9C7F0}
	EndGlobalSection
EndGlobal
